# This file is automatically @generated by Cargo.
# It is not intended for manual editing.
[[package]]
name = "byteorder"
version = "1.2.1"
source = "registry+https://github.com/rust-lang/crates.io-index"

[[package]]
name = "fxhash"
version = "0.2.1"
source = "registry+https://github.com/rust-lang/crates.io-index"
dependencies = [
 "byteorder 1.2.1 (registry+https://github.com/rust-lang/crates.io-index)",
]

[[package]]
name = "sexpress"
version = "0.1.0"
dependencies = [
 "smallvec 0.6.0 (registry+https://github.com/rust-lang/crates.io-index)",
 "toolshed 0.4.0 (git+https://github.com/Vurich/toolshed.git?branch=set-tools)",
]

[[package]]
name = "smallvec"
version = "0.6.0"
source = "registry+https://github.com/rust-lang/crates.io-index"

[[package]]
name = "toolshed"
version = "0.4.0"
source = "git+https://github.com/Vurich/toolshed.git?branch=set-tools#c6f16dbe7e3060649317a8d42b84bbbd6fb8c716"
dependencies = [
 "fxhash 0.2.1 (registry+https://github.com/rust-lang/crates.io-index)",
]

[metadata]
"checksum byteorder 1.2.1 (registry+https://github.com/rust-lang/crates.io-index)" = "652805b7e73fada9d85e9a6682a4abd490cb52d96aeecc12e33a0de34dfd0d23"
"checksum fxhash 0.2.1 (registry+https://github.com/rust-lang/crates.io-index)" = "c31b6d751ae2c7f11320402d34e41349dd1016f8d5d45e48c4312bc8625af50c"
"checksum smallvec 0.6.0 (registry+https://github.com/rust-lang/crates.io-index)" = "44db0ecb22921ef790d17ae13a3f6d15784183ff5f2a01aa32098c7498d2b4b9"
"checksum toolshed 0.4.0 (git+https://github.com/Vurich/toolshed.git?branch=set-tools)" = "<none>"
